
Microsoft Visual Studio Solution File, Format Version 12.00
# Visual Studio 2013
VisualStudioVersion = 12.0.30110.0
MinimumVisualStudioVersion = 10.0.40219.1
Project("{FAE04EC0-301F-11D3-BF4B-00C04F79EFBC}") = "NoesisLabs.Elve.VenstarColorTouch", "NoesisLabs.Elve.VenstarColorTouch\NoesisLabs.Elve.VenstarColorTouch.csproj", "{C89C1611-B224-4121-998A-D12D99A0043F}"
EndProject
Global
	GlobalSection(SolutionConfigurationPlatforms) = preSolution
		Debug|Any CPU = Debug|Any CPU
		Release|Any CPU = Release|Any CPU
	EndGlobalSection
	GlobalSection(ProjectConfigurationPlatforms) = postSolution
		{C89C1611-B224-4121-998A-D12D99A0043F}.Debug|Any CPU.ActiveCfg = Debug|Any CPU
		{C89C1611-B224-4121-998A-D12D99A0043F}.Debug|Any CPU.Build.0 = Debug|Any CPU
		{C89C1611-B224-4121-998A-D12D99A0043F}.Release|Any CPU.ActiveCfg = Release|Any CPU
		{C89C1611-B224-4121-998A-D12D99A0043F}.Release|Any CPU.Build.0 = Release|Any CPU
	EndGlobalSection
	GlobalSection(SolutionProperties) = preSolution
		HideSolutionNode = FALSE
	EndGlobalSection
EndGlobal
